
Microsoft Visual Studio Solution File, Format Version 12.00
# Visual Studio Version 16
VisualStudioVersion = 16.0.29926.136
MinimumVisualStudioVersion = 10.0.40219.1
Project("{FAE04EC0-301F-11D3-BF4B-00C04F79EFBC}") = "QuizingProgram", "QuizingProgram\QuizingProgram.csproj", "{E00DBC68-EEA7-4128-8517-AC97FED88590}"
EndProject
Global
	GlobalSection(SolutionConfigurationPlatforms) = preSolution
		Debug|Any CPU = Debug|Any CPU
		Release|Any CPU = Release|Any CPU
	EndGlobalSection
	GlobalSection(ProjectConfigurationPlatforms) = postSolution
		{E00DBC68-EEA7-4128-8517-AC97FED88590}.Debug|Any CPU.ActiveCfg = Debug|Any CPU
		{E00DBC68-EEA7-4128-8517-AC97FED88590}.Debug|Any CPU.Build.0 = Debug|Any CPU
		{E00DBC68-EEA7-4128-8517-AC97FED88590}.Release|Any CPU.ActiveCfg = Release|Any CPU
		{E00DBC68-EEA7-4128-8517-AC97FED88590}.Release|Any CPU.Build.0 = Release|Any CPU
	EndGlobalSection
	GlobalSection(SolutionProperties) = preSolution
		HideSolutionNode = FALSE
	EndGlobalSection
	GlobalSection(ExtensibilityGlobals) = postSolution
		SolutionGuid = {8DBCBE4F-EB64-49A2-8DED-CA56AE9B5C2D}
	EndGlobalSection
EndGlobal
